
Microsoft Visual Studio Solution File, Format Version 10.00
# Visual Studio 2008
Project("{8BC9CEB8-8B4A-11D0-8D11-00A0C91BC942}") = "dsoframer", "dsoframer.vcproj", "{4E6F999A-4F0F-40AE-BB52-DD4A0CD2541D}"
EndProject
Global
	GlobalSection(SolutionConfigurationPlatforms) = preSolution
		Debug|Win32 = Debug|Win32
		Release|Win32 = Release|Win32
	EndGlobalSection
	GlobalSection(ProjectConfigurationPlatforms) = postSolution
		{4E6F999A-4F0F-40AE-BB52-DD4A0CD2541D}.Debug|Win32.ActiveCfg = Debug|Win32
		{4E6F999A-4F0F-40AE-BB52-DD4A0CD2541D}.Debug|Win32.Build.0 = Debug|Win32
		{4E6F999A-4F0F-40AE-BB52-DD4A0CD2541D}.Release|Win32.ActiveCfg = Release|Win32
		{4E6F999A-4F0F-40AE-BB52-DD4A0CD2541D}.Release|Win32.Build.0 = Release|Win32
	EndGlobalSection
	GlobalSection(SolutionProperties) = preSolution
		HideSolutionNode = FALSE
	EndGlobalSection
EndGlobal
